
Microsoft Visual Studio Solution File, Format Version 12.00
# Visual Studio Version 16
VisualStudioVersion = 16.0.32510.428
MinimumVisualStudioVersion = 10.0.40219.1
Project("{FAE04EC0-301F-11D3-BF4B-00C04F79EFBC}") = "ZeamartKasirApp", "ZeamartKasirApp.csproj", "{465B1ACE-DD1D-4AE3-87EA-B7221BC1397C}"
EndProject
Global
	GlobalSection(SolutionConfigurationPlatforms) = preSolution
		Debug|Any CPU = Debug|Any CPU
		Release|Any CPU = Release|Any CPU
	EndGlobalSection
	GlobalSection(ProjectConfigurationPlatforms) = postSolution
		{465B1ACE-DD1D-4AE3-87EA-B7221BC1397C}.Debug|Any CPU.ActiveCfg = Debug|Any CPU
		{465B1ACE-DD1D-4AE3-87EA-B7221BC1397C}.Debug|Any CPU.Build.0 = Debug|Any CPU
		{465B1ACE-DD1D-4AE3-87EA-B7221BC1397C}.Release|Any CPU.ActiveCfg = Release|Any CPU
		{465B1ACE-DD1D-4AE3-87EA-B7221BC1397C}.Release|Any CPU.Build.0 = Release|Any CPU
	EndGlobalSection
	GlobalSection(SolutionProperties) = preSolution
		HideSolutionNode = FALSE
	EndGlobalSection
	GlobalSection(ExtensibilityGlobals) = postSolution
		SolutionGuid = {9FC70EE3-C14E-4054-9315-A3473E8A882F}
	EndGlobalSection
EndGlobal
